
Microsoft Visual Studio Solution File, Format Version 12.00
Project("{FAE04EC0-301F-11D3-BF4B-00C04F79EFBC}") = "AverageValueCalculator", "AverageValueCalculator\AverageValueCalculator.csproj", "{A8EDB77F-AB4C-4DFF-ABFB-D1ACE6E06B41}"
EndProject
Project("{FAE04EC0-301F-11D3-BF4B-00C04F79EFBC}") = "Test", "Test\Test.csproj", "{3A5356F7-4BFC-47AA-A766-7B0F27ADC9A9}"
EndProject
Global
	GlobalSection(SolutionConfigurationPlatforms) = preSolution
		Debug|Any CPU = Debug|Any CPU
		Release|Any CPU = Release|Any CPU
	EndGlobalSection
	GlobalSection(ProjectConfigurationPlatforms) = postSolution
		{A8EDB77F-AB4C-4DFF-ABFB-D1ACE6E06B41}.Debug|Any CPU.ActiveCfg = Debug|Any CPU
		{A8EDB77F-AB4C-4DFF-ABFB-D1ACE6E06B41}.Debug|Any CPU.Build.0 = Debug|Any CPU
		{A8EDB77F-AB4C-4DFF-ABFB-D1ACE6E06B41}.Release|Any CPU.ActiveCfg = Release|Any CPU
		{A8EDB77F-AB4C-4DFF-ABFB-D1ACE6E06B41}.Release|Any CPU.Build.0 = Release|Any CPU
		{3A5356F7-4BFC-47AA-A766-7B0F27ADC9A9}.Debug|Any CPU.ActiveCfg = Debug|Any CPU
		{3A5356F7-4BFC-47AA-A766-7B0F27ADC9A9}.Debug|Any CPU.Build.0 = Debug|Any CPU
		{3A5356F7-4BFC-47AA-A766-7B0F27ADC9A9}.Release|Any CPU.ActiveCfg = Release|Any CPU
		{3A5356F7-4BFC-47AA-A766-7B0F27ADC9A9}.Release|Any CPU.Build.0 = Release|Any CPU
	EndGlobalSection
EndGlobal
